
Microsoft Visual Studio Solution File, Format Version 12.00
# Visual Studio Version 17
VisualStudioVersion = 17.7.34024.191
MinimumVisualStudioVersion = 10.0.40219.1
Project("{FAE04EC0-301F-11D3-BF4B-00C04F79EFBC}") = "ConsoleApp1", "ConsoleApp1.csproj", "{DA100FC9-988D-4736-B92F-1FA3D2D6928D}"
EndProject
Project("{FAE04EC0-301F-11D3-BF4B-00C04F79EFBC}") = "TestProject1", "..\TestProject1\TestProject1.csproj", "{F42D6547-8C7C-4B4F-AB85-8BC564896E70}"
EndProject
Global
	GlobalSection(SolutionConfigurationPlatforms) = preSolution
		Debug|Any CPU = Debug|Any CPU
		Release|Any CPU = Release|Any CPU
	EndGlobalSection
	GlobalSection(ProjectConfigurationPlatforms) = postSolution
		{DA100FC9-988D-4736-B92F-1FA3D2D6928D}.Debug|Any CPU.ActiveCfg = Debug|Any CPU
		{DA100FC9-988D-4736-B92F-1FA3D2D6928D}.Debug|Any CPU.Build.0 = Debug|Any CPU
		{DA100FC9-988D-4736-B92F-1FA3D2D6928D}.Release|Any CPU.ActiveCfg = Release|Any CPU
		{DA100FC9-988D-4736-B92F-1FA3D2D6928D}.Release|Any CPU.Build.0 = Release|Any CPU
		{F42D6547-8C7C-4B4F-AB85-8BC564896E70}.Debug|Any CPU.ActiveCfg = Debug|Any CPU
		{F42D6547-8C7C-4B4F-AB85-8BC564896E70}.Debug|Any CPU.Build.0 = Debug|Any CPU
		{F42D6547-8C7C-4B4F-AB85-8BC564896E70}.Release|Any CPU.ActiveCfg = Release|Any CPU
		{F42D6547-8C7C-4B4F-AB85-8BC564896E70}.Release|Any CPU.Build.0 = Release|Any CPU
	EndGlobalSection
	GlobalSection(SolutionProperties) = preSolution
		HideSolutionNode = FALSE
	EndGlobalSection
	GlobalSection(ExtensibilityGlobals) = postSolution
		SolutionGuid = {84BEFC97-7A66-40AB-A349-BD8D3CC4CD0C}
	EndGlobalSection
EndGlobal
